
Microsoft Visual Studio Solution File, Format Version 12.00
# Visual Studio Version 16
VisualStudioVersion = 16.0.31605.320
MinimumVisualStudioVersion = 10.0.40219.1
Project("{FAE04EC0-301F-11D3-BF4B-00C04F79EFBC}") = "LA1200_Random.Nummber.Game_Ramany", "LA1200_Random.Nummber.Game_Ramany\LA1200_Random.Nummber.Game_Ramany.csproj", "{E9CC07F0-DEF1-4373-BD2F-10FF8E5A5DA2}"
EndProject
Global
	GlobalSection(SolutionConfigurationPlatforms) = preSolution
		Debug|Any CPU = Debug|Any CPU
		Release|Any CPU = Release|Any CPU
	EndGlobalSection
	GlobalSection(ProjectConfigurationPlatforms) = postSolution
		{E9CC07F0-DEF1-4373-BD2F-10FF8E5A5DA2}.Debug|Any CPU.ActiveCfg = Debug|Any CPU
		{E9CC07F0-DEF1-4373-BD2F-10FF8E5A5DA2}.Debug|Any CPU.Build.0 = Debug|Any CPU
		{E9CC07F0-DEF1-4373-BD2F-10FF8E5A5DA2}.Release|Any CPU.ActiveCfg = Release|Any CPU
		{E9CC07F0-DEF1-4373-BD2F-10FF8E5A5DA2}.Release|Any CPU.Build.0 = Release|Any CPU
	EndGlobalSection
	GlobalSection(SolutionProperties) = preSolution
		HideSolutionNode = FALSE
	EndGlobalSection
	GlobalSection(ExtensibilityGlobals) = postSolution
		SolutionGuid = {6971A523-605B-4528-A331-C851D2D85C4F}
	EndGlobalSection
EndGlobal
