
Microsoft Visual Studio Solution File, Format Version 12.00
# Visual Studio Version 16
VisualStudioVersion = 16.0.31605.320
MinimumVisualStudioVersion = 10.0.40219.1
Project("{FAE04EC0-301F-11D3-BF4B-00C04F79EFBC}") = "Random num. Game", "Random num. Game\Random num. Game.csproj", "{DBC89CE8-61DB-43B4-BE99-E0A06FB9F367}"
EndProject
Global
	GlobalSection(SolutionConfigurationPlatforms) = preSolution
		Debug|Any CPU = Debug|Any CPU
		Release|Any CPU = Release|Any CPU
	EndGlobalSection
	GlobalSection(ProjectConfigurationPlatforms) = postSolution
		{DBC89CE8-61DB-43B4-BE99-E0A06FB9F367}.Debug|Any CPU.ActiveCfg = Debug|Any CPU
		{DBC89CE8-61DB-43B4-BE99-E0A06FB9F367}.Debug|Any CPU.Build.0 = Debug|Any CPU
		{DBC89CE8-61DB-43B4-BE99-E0A06FB9F367}.Release|Any CPU.ActiveCfg = Release|Any CPU
		{DBC89CE8-61DB-43B4-BE99-E0A06FB9F367}.Release|Any CPU.Build.0 = Release|Any CPU
	EndGlobalSection
	GlobalSection(SolutionProperties) = preSolution
		HideSolutionNode = FALSE
	EndGlobalSection
	GlobalSection(ExtensibilityGlobals) = postSolution
		SolutionGuid = {14EABEBB-D4A2-410B-B111-8859A58EEC33}
	EndGlobalSection
EndGlobal
